// !$*UTF8*$!
{
	archiveVersion = 1;
	classes = {
	};
	objectVersion = 48;
	objects = {

/* Begin PBXBuildFile section */
		18C04FC71F334A44009384C1 /* AppDelegate.swift in Sources */ = {isa = PBXBuildFile; fileRef = 18C04FC61F334A44009384C1 /* AppDelegate.swift */; };
		18C04FC91F334A44009384C1 /* ViewController.swift in Sources */ = {isa = PBXBuildFile; fileRef = 18C04FC81F334A44009384C1 /* ViewController.swift */; };
		18C04FCC1F334A44009384C1 /* Main.storyboard in Resources */ = {isa = PBXBuildFile; fileRef = 18C04FCA1F334A44009384C1 /* Main.storyboard */; };
		18C04FCE1F334A44009384C1 /* Assets.xcassets in Resources */ = {isa = PBXBuildFile; fileRef = 18C04FCD1F334A44009384C1 /* Assets.xcassets */; };
		18C04FD11F334A44009384C1 /* LaunchScreen.storyboard in Resources */ = {isa = PBXBuildFile; fileRef = 18C04FCF1F334A44009384C1 /* LaunchScreen.storyboard */; };
		18C04FDC1F334A45009384C1 /* MyWorkTests.swift in Sources */ = {isa = PBXBuildFile; fileRef = 18C04FDB1F334A45009384C1 /* MyWorkTests.swift */; };
		18C04FE71F334A45009384C1 /* MyWorkUITests.swift in Sources */ = {isa = PBXBuildFile; fileRef = 18C04FE61F334A45009384C1 /* MyWorkUITests.swift */; };
/* End PBXBuildFile section */

/* Begin PBXContainerItemProxy section */
		18C04FD81F334A45009384C1 /* PBXContainerItemProxy */ = {
			isa = PBXContainerItemProxy;
			containerPortal = 18C04FBB1F334A44009384C1 /* Project object */;
			proxyType = 1;
			remoteGlobalIDString = 18C04FC21F334A44009384C1;
			remoteInfo = MyWork;
		};
		18C04FE31F334A45009384C1 /* PBXContainerItemProxy */ = {
			isa = PBXContainerItemProxy;
			containerPortal = 18C04FBB1F334A44009384C1 /* Project object */;
			proxyType = 1;
			remoteGlobalIDString = 18C04FC21F334A44009384C1;
			remoteInfo = MyWork;
		};
/* End PBXContainerItemProxy section */

/* Begin PBXFileReference section */
		18C04FC31F334A44009384C1 /* MyWork.app */ = {isa = PBXFileReference; explicitFileType = wrapper.application; includeInIndex = 0; path = MyWork.app; sourceTree = BUILT_PRODUCTS_DIR; };
		18C04FC61F334A44009384C1 /* AppDelegate.swift */ = {isa = PBXFileReference; lastKnownFileType = sourcecode.swift; path = AppDelegate.swift; sourceTree = "<group>"; };
		18C04FC81F334A44009384C1 /* ViewController.swift */ = {isa = PBXFileReference; lastKnownFileType = sourcecode.swift; path = ViewController.swift; sourceTree = "<group>"; };
		18C04FCB1F334A44009384C1 /* Base */ = {isa = PBXFileReference; lastKnownFileType = file.storyboard; name = Base; path = Base.lproj/Main.storyboard; sourceTree = "<group>"; };
		18C04FCD1F334A44009384C1 /* Assets.xcassets */ = {isa = PBXFileReference; lastKnownFileType = folder.assetcatalog; path = Assets.xcassets; sourceTree = "<group>"; };
		18C04FD01F334A44009384C1 /* Base */ = {isa = PBXFileReference; lastKnownFileType = file.storyboard; name = Base; path = Base.lproj/LaunchScreen.storyboard; sourceTree = "<group>"; };
		18C04FD21F334A44009384C1 /* Info.plist */ = {isa = PBXFileReference; lastKnownFileType = text.plist.xml; path = Info.plist; sourceTree = "<group>"; };
		18C04FD71F334A45009384C1 /* MyWorkTests.xctest */ = {isa = PBXFileReference; explicitFileType = wrapper.cfbundle; includeInIndex = 0; path = MyWorkTests.xctest; sourceTree = BUILT_PRODUCTS_DIR; };
		18C04FDB1F334A45009384C1 /* MyWorkTests.swift */ = {isa = PBXFileReference; lastKnownFileType = sourcecode.swift; path = MyWorkTests.swift; sourceTree = "<group>"; };
		18C04FDD1F334A45009384C1 /* Info.plist */ = {isa = PBXFileReference; lastKnownFileType = text.plist.xml; path = Info.plist; sourceTree = "<group>"; };
		18C04FE21F334A45009384C1 /* MyWorkUITests.xctest */ = {isa = PBXFileReference; explicitFileType = wrapper.cfbundle; includeInIndex = 0; path = MyWorkUITests.xctest; sourceTree = BUILT_PRODUCTS_DIR; };
		18C04FE61F334A45009384C1 /* MyWorkUITests.swift */ = {isa = PBXFileReference; lastKnownFileType = sourcecode.swift; path = MyWorkUITests.swift; sourceTree = "<group>"; };
		18C04FE81F334A45009384C1 /* Info.plist */ = {isa = PBXFileReference; lastKnownFileType = text.plist.xml; path = Info.plist; sourceTree = "<group>"; };
		18C04FF41F334B8A009384C1 /* GoogleService-Info.plist */ = {isa = PBXFileReference; lastKnownFileType = text.plist.xml; path = "GoogleService-Info.plist"; sourceTree = "<group>"; };
/* End PBXFileReference section */

/* Begin PBXFrameworksBuildPhase section */
		18C04FC01F334A44009384C1 /* Frameworks */ = {
			isa = PBXFrameworksBuildPhase;
			buildActionMask = 2147483647;
			files = (
			);
			runOnlyForDeploymentPostprocessing = 0;
		};
		18C04FD41F334A45009384C1 /* Frameworks */ = {
			isa = PBXFrameworksBuildPhase;
			buildActionMask = 2147483647;
			files = (
			);
			runOnlyForDeploymentPostprocessing = 0;
		};
		18C04FDF1F334A45009384C1 /* Frameworks */ = {
			isa = PBXFrameworksBuildPhase;
			buildActionMask = 2147483647;
			files = (
			);
			runOnlyForDeploymentPostprocessing = 0;
		};
/* End PBXFrameworksBuildPhase section */

/* Begin PBXGroup section */
		18C04FBA1F334A44009384C1 = {
			isa = PBXGroup;
			children = (
				18C04FC51F334A44009384C1 /* MyWork */,
				18C04FDA1F334A45009384C1 /* MyWorkTests */,
				18C04FE51F334A45009384C1 /* MyWorkUITests */,
				18C04FC41F334A44009384C1 /* Products */,
			);
			sourceTree = "<group>";
		};
		18C04FC41F334A44009384C1 /* Products */ = {
			isa = PBXGroup;
			children = (
				18C04FC31F334A44009384C1 /* MyWork.app */,
				18C04FD71F334A45009384C1 /* MyWorkTests.xctest */,
				18C04FE21F334A45009384C1 /* MyWorkUITests.xctest */,
			);
			name = Products;
			sourceTree = "<group>";
		};
		18C04FC51F334A44009384C1 /* MyWork */ = {
			isa = PBXGroup;
			children = (
				18C04FC61F334A44009384C1 /* AppDelegate.swift */,
				18C04FC81F334A44009384C1 /* ViewController.swift */,
				18C04FCA1F334A44009384C1 /* Main.storyboard */,
				18C04FCD1F334A44009384C1 /* Assets.xcassets */,
				18C04FCF1F334A44009384C1 /* LaunchScreen.storyboard */,
				18C04FD21F334A44009384C1 /* Info.plist */,
				18C04FF41F334B8A009384C1 /* GoogleService-Info.plist */,
			);
			path = MyWork;
			sourceTree = "<group>";
		};
		18C04FDA1F334A45009384C1 /* MyWorkTests */ = {
			isa = PBXGroup;
			children = (
				18C04FDB1F334A45009384C1 /* MyWorkTests.swift */,
				18C04FDD1F334A45009384C1 /* Info.plist */,
			);
			path = MyWorkTests;
			sourceTree = "<group>";
		};
		18C04FE51F334A45009384C1 /* MyWorkUITests */ = {
			isa = PBXGroup;
			children = (
				18C04FE61F334A45009384C1 /* MyWorkUITests.swift */,
				18C04FE81F334A45009384C1 /* Info.plist */,
			);
			path = MyWorkUITests;
			sourceTree = "<group>";
		};
/* End PBXGroup section */

/* Begin PBXNativeTarget section */
		18C04FC21F334A44009384C1 /* MyWork */ = {
			isa = PBXNativeTarget;
			buildConfigurationList = 18C04FEB1F334A45009384C1 /* Build configuration list for PBXNativeTarget "MyWork" */;
			buildPhases = (
				18C04FBF1F334A44009384C1 /* Sources */,
				18C04FC01F334A44009384C1 /* Frameworks */,
				18C04FC11F334A44009384C1 /* Resources */,
			);
			buildRules = (
			);
			dependencies = (
			);
			name = MyWork;
			productName = MyWork;
			productReference = 18C04FC31F334A44009384C1 /* MyWork.app */;
			productType = "com.apple.product-type.application";
		};
		18C04FD61F334A45009384C1 /* MyWorkTests */ = {
			isa = PBXNativeTarget;
			buildConfigurationList = 18C04FEE1F334A45009384C1 /* Build configuration list for PBXNativeTarget "MyWorkTests" */;
			buildPhases = (
				18C04FD31F334A45009384C1 /* Sources */,
				18C04FD41F334A45009384C1 /* Frameworks */,
				18C04FD51F334A45009384C1 /* Resources */,
			);
			buildRules = (
			);
			dependencies = (
				18C04FD91F334A45009384C1 /* PBXTargetDependency */,
			);
			name = MyWorkTests;
			productName = MyWorkTests;
			productReference = 18C04FD71F334A45009384C1 /* MyWorkTests.xctest */;
			productType = "com.apple.product-type.bundle.unit-test";
		};
		18C04FE11F334A45009384C1 /* MyWorkUITests */ = {
			isa = PBXNativeTarget;
			buildConfigurationList = 18C04FF11F334A45009384C1 /* Build configuration list for PBXNativeTarget "MyWorkUITests" */;
			buildPhases = (
				18C04FDE1F334A45009384C1 /* Sources */,
				18C04FDF1F334A45009384C1 /* Frameworks */,
				18C04FE01F334A45009384C1 /* Resources */,
			);
			buildRules = (
			);
			dependencies = (
				18C04FE41F334A45009384C1 /* PBXTargetDependency */,
			);
			name = MyWorkUITests;
			productName = MyWorkUITests;
			productReference = 18C04FE21F334A45009384C1 /* MyWorkUITests.xctest */;
			productType = "com.apple.product-type.bundle.ui-testing";
		};
/* End PBXNativeTarget section */

/* Begin PBXProject section */
		18C04FBB1F334A44009384C1 /* Project object */ = {
			isa = PBXProject;
			attributes = {
				LastSwiftUpdateCheck = 0900;
				LastUpgradeCheck = 0900;
				ORGANIZATIONNAME = Apple;
				TargetAttributes = {
					18C04FC21F334A44009384C1 = {
						CreatedOnToolsVersion = 9.0;
					};
					18C04FD61F334A45009384C1 = {
						CreatedOnToolsVersion = 9.0;
						TestTargetID = 18C04FC21F334A44009384C1;
					};
					18C04FE11F334A45009384C1 = {
						CreatedOnToolsVersion = 9.0;
						TestTargetID = 18C04FC21F334A44009384C1;
					};
				};
			};
			buildConfigurationList = 18C04FBE1F334A44009384C1 /* Build configuration list for PBXProject "MyWork" */;
			compatibilityVersion = "Xcode 8.0";
			developmentRegion = en;
			hasScannedForEncodings = 0;
			knownRegions = (
				en,
				Base,
			);
			mainGroup = 18C04FBA1F334A44009384C1;
			productRefGroup = 18C04FC41F334A44009384C1 /* Products */;
			projectDirPath = "";
			projectRoot = "";
			targets = (
				18C04FC21F334A44009384C1 /* MyWork */,
				18C04FD61F334A45009384C1 /* MyWorkTests */,
				18C04FE11F334A45009384C1 /* MyWorkUITests */,
			);
		};
/* End PBXProject section */

/* Begin PBXResourcesBuildPhase section */
		18C04FC11F334A44009384C1 /* Resources */ = {
			isa = PBXResourcesBuildPhase;
			buildActionMask = 2147483647;
			files = (
				18C04FD11F334A44009384C1 /* LaunchScreen.storyboard in Resources */,
				18C04FCE1F334A44009384C1 /* Assets.xcassets in Resources */,
				18C04FCC1F334A44009384C1 /* Main.storyboard in Resources */,
			);
			runOnlyForDeploymentPostprocessing = 0;
		};
		18C04FD51F334A45009384C1 /* Resources */ = {
			isa = PBXResourcesBuildPhase;
			buildActionMask = 2147483647;
			files = (
			);
			runOnlyForDeploymentPostprocessing = 0;
		};
		18C04FE01F334A45009384C1 /* Resources */ = {
			isa = PBXResourcesBuildPhase;
			buildActionMask = 2147483647;
			files = (
			);
			runOnlyForDeploymentPostprocessing = 0;
		};
/* End PBXResourcesBuildPhase section */

/* Begin PBXSourcesBuildPhase section */
		18C04FBF1F334A44009384C1 /* Sources */ = {
			isa = PBXSourcesBuildPhase;
			buildActionMask = 2147483647;
			files = (
				18C04FC91F334A44009384C1 /* ViewController.swift in Sources */,
				18C04FC71F334A44009384C1 /* AppDelegate.swift in Sources */,
			);
			runOnlyForDeploymentPostprocessing = 0;
		};
		18C04FD31F334A45009384C1 /* Sources */ = {
			isa = PBXSourcesBuildPhase;
			buildActionMask = 2147483647;
			files = (
				18C04FDC1F334A45009384C1 /* MyWorkTests.swift in Sources */,
			);
			runOnlyForDeploymentPostprocessing = 0;
		};
		18C04FDE1F334A45009384C1 /* Sources */ = {
			isa = PBXSourcesBuildPhase;
			buildActionMask = 2147483647;
			files = (
				18C04FE71F334A45009384C1 /* MyWorkUITests.swift in Sources */,
			);
			runOnlyForDeploymentPostprocessing = 0;
		};
/* End PBXSourcesBuildPhase section */

/* Begin PBXTargetDependency section */
		18C04FD91F334A45009384C1 /* PBXTargetDependency */ = {
			isa = PBXTargetDependency;
			target = 18C04FC21F334A44009384C1 /* MyWork */;
			targetProxy = 18C04FD81F334A45009384C1 /* PBXContainerItemProxy */;
		};
		18C04FE41F334A45009384C1 /* PBXTargetDependency */ = {
			isa = PBXTargetDependency;
			target = 18C04FC21F334A44009384C1 /* MyWork */;
			targetProxy = 18C04FE31F334A45009384C1 /* PBXContainerItemProxy */;
		};
/* End PBXTargetDependency section */

/* Begin PBXVariantGroup section */
		18C04FCA1F334A44009384C1 /* Main.storyboard */ = {
			isa = PBXVariantGroup;
			children = (
				18C04FCB1F334A44009384C1 /* Base */,
			);
			name = Main.storyboard;
			sourceTree = "<group>";
		};
		18C04FCF1F334A44009384C1 /* LaunchScreen.storyboard */ = {
			isa = PBXVariantGroup;
			children = (
				18C04FD01F334A44009384C1 /* Base */,
			);
			name = LaunchScreen.storyboard;
			sourceTree = "<group>";
		};
/* End PBXVariantGroup section */

/* Begin XCBuildConfiguration section */
		18C04FE91F334A45009384C1 /* Debug */ = {
			isa = XCBuildConfiguration;
			buildSettings = {
				ALWAYS_SEARCH_USER_PATHS = NO;
				CLANG_ANALYZER_NONNULL = YES;
				CLANG_ANALYZER_NUMBER_OBJECT_CONVERSION = YES_AGGRESSIVE;
				CLANG_CXX_LANGUAGE_STANDARD = "gnu++14";
				CLANG_CXX_LIBRARY = "libc++";
				CLANG_ENABLE_MODULES = YES;
				CLANG_ENABLE_OBJC_ARC = YES;
				CLANG_WARN_BLOCK_CAPTURE_AUTORELEASING = YES;
				CLANG_WARN_BOOL_CONVERSION = YES;
				CLANG_WARN_COMMA = YES;
				CLANG_WARN_CONSTANT_CONVERSION = YES;
				CLANG_WARN_DIRECT_OBJC_ISA_USAGE = YES_ERROR;
				CLANG_WARN_DOCUMENTATION_COMMENTS = YES;
				CLANG_WARN_EMPTY_BODY = YES;
				CLANG_WARN_ENUM_CONVERSION = YES;
				CLANG_WARN_INFINITE_RECURSION = YES;
				CLANG_WARN_INT_CONVERSION = YES;
				CLANG_WARN_NON_LITERAL_NULL_CONVERSION = YES;
				CLANG_WARN_OBJC_LITERAL_CONVERSION = YES;
				CLANG_WARN_OBJC_ROOT_CLASS = YES_ERROR;
				CLANG_WARN_RANGE_LOOP_ANALYSIS = YES;
				CLANG_WARN_STRICT_PROTOTYPES = YES;
				CLANG_WARN_SUSPICIOUS_MOVE = YES;
				CLANG_WARN_UNGUARDED_AVAILABILITY = YES_AGGRESSIVE;
				CLANG_WARN_UNREACHABLE_CODE = YES;
				CLANG_WARN__DUPLICATE_METHOD_MATCH = YES;
				CODE_SIGN_IDENTITY = "iPhone Developer";
				COPY_PHASE_STRIP = NO;
				DEBUG_INFORMATION_FORMAT = dwarf;
				ENABLE_STRICT_OBJC_MSGSEND = YES;
				ENABLE_TESTABILITY = YES;
				GCC_C_LANGUAGE_STANDARD = gnu11;
				GCC_DYNAMIC_NO_PIC = NO;
				GCC_NO_COMMON_BLOCKS = YES;
				GCC_OPTIMIZATION_LEVEL = 0;
				GCC_PREPROCESSOR_DEFINITIONS = (
					"DEBUG=1",
					"$(inherited)",
				);
				GCC_WARN_64_TO_32_BIT_CONVERSION = YES;
				GCC_WARN_ABOUT_RETURN_TYPE = YES_ERROR;
				GCC_WARN_UNDECLARED_SELECTOR = YES;
				GCC_WARN_UNINITIALIZED_AUTOS = YES_AGGRESSIVE;
				GCC_WARN_UNUSED_FUNCTION = YES;
				GCC_WARN_UNUSED_VARIABLE = YES;
				IPHONEOS_DEPLOYMENT_TARGET = 11.0;
				MTL_ENABLE_DEBUG_INFO = YES;
				ONLY_ACTIVE_ARCH = YES;
				SDKROOT = iphoneos;
				SWIFT_ACTIVE_COMPILATION_CONDITIONS = DEBUG;
				SWIFT_OPTIMIZATION_LEVEL = "-Onone";
			};
			name = Debug;
		};
		18C04FEA1F334A45009384C1 /* Release */ = {
			isa = XCBuildConfiguration;
			buildSettings = {
				ALWAYS_SEARCH_USER_PATHS = NO;
				CLANG_ANALYZER_NONNULL = YES;
				CLANG_ANALYZER_NUMBER_OBJECT_CONVERSION = YES_AGGRESSIVE;
				CLANG_CXX_LANGUAGE_STANDARD = "gnu++14";
				CLANG_CXX_LIBRARY = "libc++";
				CLANG_ENABLE_MODULES = YES;
				CLANG_ENABLE_OBJC_ARC = YES;
				CLANG_WARN_BLOCK_CAPTURE_AUTORELEASING = YES;
				CLANG_WARN_BOOL_CONVERSION = YES;
				CLANG_WARN_COMMA = YES;
				CLANG_WARN_CONSTANT_CONVERSION = YES;
				CLANG_WARN_DIRECT_OBJC_ISA_USAGE = YES_ERROR;
				CLANG_WARN_DOCUMENTATION_COMMENTS = YES;
				CLANG_WARN_EMPTY_BODY = YES;
				CLANG_WARN_ENUM_CONVERSION = YES;
				CLANG_WARN_INFINITE_RECURSION = YES;
				CLANG_WARN_INT_CONVERSION = YES;
				CLANG_WARN_NON_LITERAL_NULL_CONVERSION = YES;
				CLANG_WARN_OBJC_LITERAL_CONVERSION = YES;
				CLANG_WARN_OBJC_ROOT_CLASS = YES_ERROR;
				CLANG_WARN_RANGE_LOOP_ANALYSIS = YES;
				CLANG_WARN_STRICT_PROTOTYPES = YES;
				CLANG_WARN_SUSPICIOUS_MOVE = YES;
				CLANG_WARN_UNGUARDED_AVAILABILITY = YES_AGGRESSIVE;
				CLANG_WARN_UNREACHABLE_CODE = YES;
				CLANG_WARN__DUPLICATE_METHOD_MATCH = YES;
				CODE_SIGN_IDENTITY = "iPhone Developer";
				COPY_PHASE_STRIP = NO;
				DEBUG_INFORMATION_FORMAT = "dwarf-with-dsym";
				ENABLE_NS_ASSERTIONS = NO;
				ENABLE_STRICT_OBJC_MSGSEND = YES;
				GCC_C_LANGUAGE_STANDARD = gnu11;
				GCC_NO_COMMON_BLOCKS = YES;
				GCC_WARN_64_TO_32_BIT_CONVERSION = YES;
				GCC_WARN_ABOUT_RETURN_TYPE = YES_ERROR;
				GCC_WARN_UNDECLARED_SELECTOR = YES;
				GCC_WARN_UNINITIALIZED_AUTOS = YES_AGGRESSIVE;
				GCC_WARN_UNUSED_FUNCTION = YES;
				GCC_WARN_UNUSED_VARIABLE = YES;
				IPHONEOS_DEPLOYMENT_TARGET = 11.0;
				MTL_ENABLE_DEBUG_INFO = NO;
				SDKROOT = iphoneos;
				SWIFT_OPTIMIZATION_LEVEL = "-Owholemodule";
				VALIDATE_PRODUCT = YES;
			};
			name = Release;
		};
		18C04FEC1F334A45009384C1 /* Debug */ = {
			isa = XCBuildConfiguration;
			buildSettings = {
				ASSETCATALOG_COMPILER_APPICON_NAME = AppIcon;
				DEVELOPMENT_TEAM = JZ6P4U6CAN;
				INFOPLIST_FILE = MyWork/Info.plist;
				LD_RUNPATH_SEARCH_PATHS = "$(inherited) @executable_path/Frameworks";
				PRODUCT_BUNDLE_IDENTIFIER = com.satya.mywork.mywork.MyWork;
				PRODUCT_NAME = "$(TARGET_NAME)";
				SWIFT_VERSION = 4.0;
				TARGETED_DEVICE_FAMILY = "1,2";
			};
			name = Debug;
		};
		18C04FED1F334A45009384C1 /* Release */ = {
			isa = XCBuildConfiguration;
			buildSettings = {
				ASSETCATALOG_COMPILER_APPICON_NAME = AppIcon;
				DEVELOPMENT_TEAM = JZ6P4U6CAN;
				INFOPLIST_FILE = MyWork/Info.plist;
				LD_RUNPATH_SEARCH_PATHS = "$(inherited) @executable_path/Frameworks";
				PRODUCT_BUNDLE_IDENTIFIER = com.satya.mywork.mywork.MyWork;
				PRODUCT_NAME = "$(TARGET_NAME)";
				SWIFT_VERSION = 4.0;
				TARGETED_DEVICE_FAMILY = "1,2";
			};
			name = Release;
		};
		18C04FEF1F334A45009384C1 /* Debug */ = {
			isa = XCBuildConfiguration;
			buildSettings = {
				ALWAYS_EMBED_SWIFT_STANDARD_LIBRARIES = YES;
				BUNDLE_LOADER = "$(TEST_HOST)";
				INFOPLIST_FILE = MyWorkTests/Info.plist;
				LD_RUNPATH_SEARCH_PATHS = "$(inherited) @executable_path/Frameworks @loader_path/Frameworks";
				PRODUCT_BUNDLE_IDENTIFIER = com.satya.mywork.mywork.MyWorkTests;
				PRODUCT_NAME = "$(TARGET_NAME)";
				SWIFT_VERSION = 4.0;
				TARGETED_DEVICE_FAMILY = "1,2";
				TEST_HOST = "$(BUILT_PRODUCTS_DIR)/MyWork.app/MyWork";
			};
			name = Debug;
		};
		18C04FF01F334A45009384C1 /* Release */ = {
			isa = XCBuildConfiguration;
			buildSettings = {
				ALWAYS_EMBED_SWIFT_STANDARD_LIBRARIES = YES;
				BUNDLE_LOADER = "$(TEST_HOST)";
				INFOPLIST_FILE = MyWorkTests/Info.plist;
				LD_RUNPATH_SEARCH_PATHS = "$(inherited) @executable_path/Frameworks @loader_path/Frameworks";
				PRODUCT_BUNDLE_IDENTIFIER = com.satya.mywork.mywork.MyWorkTests;
				PRODUCT_NAME = "$(TARGET_NAME)";
				SWIFT_VERSION = 4.0;
				TARGETED_DEVICE_FAMILY = "1,2";
				TEST_HOST = "$(BUILT_PRODUCTS_DIR)/MyWork.app/MyWork";
			};
			name = Release;
		};
		18C04FF21F334A45009384C1 /* Debug */ = {
			isa = XCBuildConfiguration;
			buildSettings = {
				ALWAYS_EMBED_SWIFT_STANDARD_LIBRARIES = YES;
				INFOPLIST_FILE = MyWorkUITests/Info.plist;
				LD_RUNPATH_SEARCH_PATHS = "$(inherited) @executable_path/Frameworks @loader_path/Frameworks";
				PRODUCT_BUNDLE_IDENTIFIER = com.satya.mywork.mywork.MyWorkUITests;
				PRODUCT_NAME = "$(TARGET_NAME)";
				SWIFT_VERSION = 4.0;
				TARGETED_DEVICE_FAMILY = "1,2";
				TEST_TARGET_NAME = MyWork;
			};
			name = Debug;
		};
		18C04FF31F334A45009384C1 /* Release */ = {
			isa = XCBuildConfiguration;
			buildSettings = {
				ALWAYS_EMBED_SWIFT_STANDARD_LIBRARIES = YES;
				INFOPLIST_FILE = MyWorkUITests/Info.plist;
				LD_RUNPATH_SEARCH_PATHS = "$(inherited) @executable_path/Frameworks @loader_path/Frameworks";
				PRODUCT_BUNDLE_IDENTIFIER = com.satya.mywork.mywork.MyWorkUITests;
				PRODUCT_NAME = "$(TARGET_NAME)";
				SWIFT_VERSION = 4.0;
				TARGETED_DEVICE_FAMILY = "1,2";
				TEST_TARGET_NAME = MyWork;
			};
			name = Release;
		};
/* End XCBuildConfiguration section */

/* Begin XCConfigurationList section */
		18C04FBE1F334A44009384C1 /* Build configuration list for PBXProject "MyWork" */ = {
			isa = XCConfigurationList;
			buildConfigurations = (
				18C04FE91F334A45009384C1 /* Debug */,
				18C04FEA1F334A45009384C1 /* Release */,
			);
			defaultConfigurationIsVisible = 0;
			defaultConfigurationName = Release;
		};
		18C04FEB1F334A45009384C1 /* Build configuration list for PBXNativeTarget "MyWork" */ = {
			isa = XCConfigurationList;
			buildConfigurations = (
				18C04FEC1F334A45009384C1 /* Debug */,
				18C04FED1F334A45009384C1 /* Release */,
			);
			defaultConfigurationIsVisible = 0;
			defaultConfigurationName = Release;
		};
		18C04FEE1F334A45009384C1 /* Build configuration list for PBXNativeTarget "MyWorkTests" */ = {
			isa = XCConfigurationList;
			buildConfigurations = (
				18C04FEF1F334A45009384C1 /* Debug */,
				18C04FF01F334A45009384C1 /* Release */,
			);
			defaultConfigurationIsVisible = 0;
			defaultConfigurationName = Release;
		};
		18C04FF11F334A45009384C1 /* Build configuration list for PBXNativeTarget "MyWorkUITests" */ = {
			isa = XCConfigurationList;
			buildConfigurations = (
				18C04FF21F334A45009384C1 /* Debug */,
				18C04FF31F334A45009384C1 /* Release */,
			);
			defaultConfigurationIsVisible = 0;
			defaultConfigurationName = Release;
		};
/* End XCConfigurationList section */
	};
	rootObject = 18C04FBB1F334A44009384C1 /* Project object */;
}
