// !$*UTF8*$!
{
	archiveVersion = 1;
	classes = {
	};
	objectVersion = 48;
	objects = {

/* Begin PBXBuildFile section */
		18C04FC71F334A44009384C1 /* AppDelegate.swift in Sources */ = {isa = PBXBuildFile; fileRef = 18C04FC61F334A44009384C1 /* AppDelegate.swift */; };
		18C04FC91F334A44009384C1 /* ViewController.swift in Sources */ = {isa = PBXBuildFile; fileRef = 18C04FC81F334A44009384C1 /* ViewController.swift */; };
		18C04FCC1F334A44009384C1 /* Main.storyboard in Resources */ = {isa = PBXBuildFile; fileRef = 18C04FCA1F334A44009384C1 /* Main.storyboard */; };
		18C04FCE1F334A44009384C1 /* Assets.xcassets in Resources */ = {isa = PBXBuildFile; fileRef = 18C04FCD1F334A44009384C1 /* Assets.xcassets */; };
		18C04FD11F334A44009384C1 /* LaunchScreen.storyboard in Resources */ = {isa = PBXBuildFile; fileRef = 18C04FCF1F334A44009384C1 /* LaunchScreen.storyboard */; };
		18C04FDC1F334A45009384C1 /* MyWorkTests.swift in Sources */ = {isa = PBXBuildFile; fileRef = 18C04FDB1F334A45009384C1 /* MyWorkTests.swift */; };
		18C04FE71F334A45009384C1 /* MyWorkUITests.swift in Sources */ = {isa = PBXBuildFile; fileRef = 18C04FE61F334A45009384C1 /* MyWorkUITests.swift */; };
		18C04FF51F335026009384C1 /* GoogleService-Info.plist in Resources */ = {isa = PBXBuildFile; fileRef = 18C04FF41F334B8A009384C1 /* GoogleService-Info.plist */; };
		37AFA30DAA5110118C3248A9 /* Pods_MyWorkUITests.framework in Frameworks */ = {isa = PBXBuildFile; fileRef = 3BDF6466F0806C6EA5B3C2E2 /* Pods_MyWorkUITests.framework */; };
		40FA36A91C21237FA772BB91 /* Pods_MyWorkTests.framework in Frameworks */ = {isa = PBXBuildFile; fileRef = D2EBDD48A991F2880216F146 /* Pods_MyWorkTests.framework */; };
		F169F0EAAF0F026E877D44FF /* Pods_MyWork.framework in Frameworks */ = {isa = PBXBuildFile; fileRef = 813EA82E659C398CD210D0A8 /* Pods_MyWork.framework */; };
/* End PBXBuildFile section */

/* Begin PBXContainerItemProxy section */
		18C04FD81F334A45009384C1 /* PBXContainerItemProxy */ = {
			isa = PBXContainerItemProxy;
			containerPortal = 18C04FBB1F334A44009384C1 /* Project object */;
			proxyType = 1;
			remoteGlobalIDString = 18C04FC21F334A44009384C1;
			remoteInfo = MyWork;
		};
		18C04FE31F334A45009384C1 /* PBXContainerItemProxy */ = {
			isa = PBXContainerItemProxy;
			containerPortal = 18C04FBB1F334A44009384C1 /* Project object */;
			proxyType = 1;
			remoteGlobalIDString = 18C04FC21F334A44009384C1;
			remoteInfo = MyWork;
		};
/* End PBXContainerItemProxy section */

/* Begin PBXFileReference section */
		03A4A7842ACA620B9698044F /* Pods-MyWork.debug.xcconfig */ = {isa = PBXFileReference; includeInIndex = 1; lastKnownFileType = text.xcconfig; name = "Pods-MyWork.debug.xcconfig"; path = "Pods/Target Support Files/Pods-MyWork/Pods-MyWork.debug.xcconfig"; sourceTree = "<group>"; };
		1051CDA0341AF415515C889A /* Pods-MyWorkTests.debug.xcconfig */ = {isa = PBXFileReference; includeInIndex = 1; lastKnownFileType = text.xcconfig; name = "Pods-MyWorkTests.debug.xcconfig"; path = "Pods/Target Support Files/Pods-MyWorkTests/Pods-MyWorkTests.debug.xcconfig"; sourceTree = "<group>"; };
		18C04FC31F334A44009384C1 /* MyWork.app */ = {isa = PBXFileReference; explicitFileType = wrapper.application; includeInIndex = 0; path = MyWork.app; sourceTree = BUILT_PRODUCTS_DIR; };
		18C04FC61F334A44009384C1 /* AppDelegate.swift */ = {isa = PBXFileReference; lastKnownFileType = sourcecode.swift; path = AppDelegate.swift; sourceTree = "<group>"; };
		18C04FC81F334A44009384C1 /* ViewController.swift */ = {isa = PBXFileReference; lastKnownFileType = sourcecode.swift; path = ViewController.swift; sourceTree = "<group>"; };
		18C04FCB1F334A44009384C1 /* Base */ = {isa = PBXFileReference; lastKnownFileType = file.storyboard; name = Base; path = Base.lproj/Main.storyboard; sourceTree = "<group>"; };
		18C04FCD1F334A44009384C1 /* Assets.xcassets */ = {isa = PBXFileReference; lastKnownFileType = folder.assetcatalog; path = Assets.xcassets; sourceTree = "<group>"; };
		18C04FD01F334A44009384C1 /* Base */ = {isa = PBXFileReference; lastKnownFileType = file.storyboard; name = Base; path = Base.lproj/LaunchScreen.storyboard; sourceTree = "<group>"; };
		18C04FD21F334A44009384C1 /* Info.plist */ = {isa = PBXFileReference; lastKnownFileType = text.plist.xml; path = Info.plist; sourceTree = "<group>"; };
		18C04FD71F334A45009384C1 /* MyWorkTests.xctest */ = {isa = PBXFileReference; explicitFileType = wrapper.cfbundle; includeInIndex = 0; path = MyWorkTests.xctest; sourceTree = BUILT_PRODUCTS_DIR; };
		18C04FDB1F334A45009384C1 /* MyWorkTests.swift */ = {isa = PBXFileReference; lastKnownFileType = sourcecode.swift; path = MyWorkTests.swift; sourceTree = "<group>"; };
		18C04FDD1F334A45009384C1 /* Info.plist */ = {isa = PBXFileReference; lastKnownFileType = text.plist.xml; path = Info.plist; sourceTree = "<group>"; };
		18C04FE21F334A45009384C1 /* MyWorkUITests.xctest */ = {isa = PBXFileReference; explicitFileType = wrapper.cfbundle; includeInIndex = 0; path = MyWorkUITests.xctest; sourceTree = BUILT_PRODUCTS_DIR; };
		18C04FE61F334A45009384C1 /* MyWorkUITests.swift */ = {isa = PBXFileReference; lastKnownFileType = sourcecode.swift; path = MyWorkUITests.swift; sourceTree = "<group>"; };
		18C04FE81F334A45009384C1 /* Info.plist */ = {isa = PBXFileReference; lastKnownFileType = text.plist.xml; path = Info.plist; sourceTree = "<group>"; };
		18C04FF41F334B8A009384C1 /* GoogleService-Info.plist */ = {isa = PBXFileReference; lastKnownFileType = text.plist.xml; path = "GoogleService-Info.plist"; sourceTree = "<group>"; };
		2C540012E2B6D2458BCC55C4 /* Pods-MyWorkTests.release.xcconfig */ = {isa = PBXFileReference; includeInIndex = 1; lastKnownFileType = text.xcconfig; name = "Pods-MyWorkTests.release.xcconfig"; path = "Pods/Target Support Files/Pods-MyWorkTests/Pods-MyWorkTests.release.xcconfig"; sourceTree = "<group>"; };
		33C660FECA432303B0F41C75 /* Pods-MyWork.release.xcconfig */ = {isa = PBXFileReference; includeInIndex = 1; lastKnownFileType = text.xcconfig; name = "Pods-MyWork.release.xcconfig"; path = "Pods/Target Support Files/Pods-MyWork/Pods-MyWork.release.xcconfig"; sourceTree = "<group>"; };
		3BDF6466F0806C6EA5B3C2E2 /* Pods_MyWorkUITests.framework */ = {isa = PBXFileReference; explicitFileType = wrapper.framework; includeInIndex = 0; path = Pods_MyWorkUITests.framework; sourceTree = BUILT_PRODUCTS_DIR; };
		49F711D2BD0FBE1B953A0BB4 /* Pods-MyWorkUITests.release.xcconfig */ = {isa = PBXFileReference; includeInIndex = 1; lastKnownFileType = text.xcconfig; name = "Pods-MyWorkUITests.release.xcconfig"; path = "Pods/Target Support Files/Pods-MyWorkUITests/Pods-MyWorkUITests.release.xcconfig"; sourceTree = "<group>"; };
		813EA82E659C398CD210D0A8 /* Pods_MyWork.framework */ = {isa = PBXFileReference; explicitFileType = wrapper.framework; includeInIndex = 0; path = Pods_MyWork.framework; sourceTree = BUILT_PRODUCTS_DIR; };
		D2EBDD48A991F2880216F146 /* Pods_MyWorkTests.framework */ = {isa = PBXFileReference; explicitFileType = wrapper.framework; includeInIndex = 0; path = Pods_MyWorkTests.framework; sourceTree = BUILT_PRODUCTS_DIR; };
		E77CF494B8C1E5A8569FFCA4 /* Pods-MyWorkUITests.debug.xcconfig */ = {isa = PBXFileReference; includeInIndex = 1; lastKnownFileType = text.xcconfig; name = "Pods-MyWorkUITests.debug.xcconfig"; path = "Pods/Target Support Files/Pods-MyWorkUITests/Pods-MyWorkUITests.debug.xcconfig"; sourceTree = "<group>"; };
/* End PBXFileReference section */

/* Begin PBXFrameworksBuildPhase section */
		18C04FC01F334A44009384C1 /* Frameworks */ = {
			isa = PBXFrameworksBuildPhase;
			buildActionMask = 2147483647;
			files = (
				F169F0EAAF0F026E877D44FF /* Pods_MyWork.framework in Frameworks */,
			);
			runOnlyForDeploymentPostprocessing = 0;
		};
		18C04FD41F334A45009384C1 /* Frameworks */ = {
			isa = PBXFrameworksBuildPhase;
			buildActionMask = 2147483647;
			files = (
				40FA36A91C21237FA772BB91 /* Pods_MyWorkTests.framework in Frameworks */,
			);
			runOnlyForDeploymentPostprocessing = 0;
		};
		18C04FDF1F334A45009384C1 /* Frameworks */ = {
			isa = PBXFrameworksBuildPhase;
			buildActionMask = 2147483647;
			files = (
				37AFA30DAA5110118C3248A9 /* Pods_MyWorkUITests.framework in Frameworks */,
			);
			runOnlyForDeploymentPostprocessing = 0;
		};
/* End PBXFrameworksBuildPhase section */

/* Begin PBXGroup section */
		18C04FBA1F334A44009384C1 = {
			isa = PBXGroup;
			children = (
				18C04FC51F334A44009384C1 /* MyWork */,
				18C04FDA1F334A45009384C1 /* MyWorkTests */,
				18C04FE51F334A45009384C1 /* MyWorkUITests */,
				18C04FC41F334A44009384C1 /* Products */,
				6CA13FE4FDC2A67043F828AE /* Pods */,
				CB096048E7A5142ED56488C3 /* Frameworks */,
			);
			sourceTree = "<group>";
		};
		18C04FC41F334A44009384C1 /* Products */ = {
			isa = PBXGroup;
			children = (
				18C04FC31F334A44009384C1 /* MyWork.app */,
				18C04FD71F334A45009384C1 /* MyWorkTests.xctest */,
				18C04FE21F334A45009384C1 /* MyWorkUITests.xctest */,
			);
			name = Products;
			sourceTree = "<group>";
		};
		18C04FC51F334A44009384C1 /* MyWork */ = {
			isa = PBXGroup;
			children = (
				18C04FC61F334A44009384C1 /* AppDelegate.swift */,
				18C04FC81F334A44009384C1 /* ViewController.swift */,
				18C04FCA1F334A44009384C1 /* Main.storyboard */,
				18C04FCD1F334A44009384C1 /* Assets.xcassets */,
				18C04FCF1F334A44009384C1 /* LaunchScreen.storyboard */,
				18C04FD21F334A44009384C1 /* Info.plist */,
				18C04FF41F334B8A009384C1 /* GoogleService-Info.plist */,
			);
			path = MyWork;
			sourceTree = "<group>";
		};
		18C04FDA1F334A45009384C1 /* MyWorkTests */ = {
			isa = PBXGroup;
			children = (
				18C04FDB1F334A45009384C1 /* MyWorkTests.swift */,
				18C04FDD1F334A45009384C1 /* Info.plist */,
			);
			path = MyWorkTests;
			sourceTree = "<group>";
		};
		18C04FE51F334A45009384C1 /* MyWorkUITests */ = {
			isa = PBXGroup;
			children = (
				18C04FE61F334A45009384C1 /* MyWorkUITests.swift */,
				18C04FE81F334A45009384C1 /* Info.plist */,
			);
			path = MyWorkUITests;
			sourceTree = "<group>";
		};
		6CA13FE4FDC2A67043F828AE /* Pods */ = {
			isa = PBXGroup;
			children = (
				03A4A7842ACA620B9698044F /* Pods-MyWork.debug.xcconfig */,
				33C660FECA432303B0F41C75 /* Pods-MyWork.release.xcconfig */,
				1051CDA0341AF415515C889A /* Pods-MyWorkTests.debug.xcconfig */,
				2C540012E2B6D2458BCC55C4 /* Pods-MyWorkTests.release.xcconfig */,
				E77CF494B8C1E5A8569FFCA4 /* Pods-MyWorkUITests.debug.xcconfig */,
				49F711D2BD0FBE1B953A0BB4 /* Pods-MyWorkUITests.release.xcconfig */,
			);
			name = Pods;
			sourceTree = "<group>";
		};
		CB096048E7A5142ED56488C3 /* Frameworks */ = {
			isa = PBXGroup;
			children = (
				813EA82E659C398CD210D0A8 /* Pods_MyWork.framework */,
				D2EBDD48A991F2880216F146 /* Pods_MyWorkTests.framework */,
				3BDF6466F0806C6EA5B3C2E2 /* Pods_MyWorkUITests.framework */,
			);
			name = Frameworks;
			sourceTree = "<group>";
		};
/* End PBXGroup section */

/* Begin PBXNativeTarget section */
		18C04FC21F334A44009384C1 /* MyWork */ = {
			isa = PBXNativeTarget;
			buildConfigurationList = 18C04FEB1F334A45009384C1 /* Build configuration list for PBXNativeTarget "MyWork" */;
			buildPhases = (
				E240579D84A0F231D23FDD22 /* [CP] Check Pods Manifest.lock */,
				18C04FBF1F334A44009384C1 /* Sources */,
				18C04FC01F334A44009384C1 /* Frameworks */,
				18C04FC11F334A44009384C1 /* Resources */,
				CB9BFFFFB99728B306CAF5AF /* [CP] Embed Pods Frameworks */,
				AFE9C0C89BE72AFE60865C4F /* [CP] Copy Pods Resources */,
			);
			buildRules = (
			);
			dependencies = (
			);
			name = MyWork;
			productName = MyWork;
			productReference = 18C04FC31F334A44009384C1 /* MyWork.app */;
			productType = "com.apple.product-type.application";
		};
		18C04FD61F334A45009384C1 /* MyWorkTests */ = {
			isa = PBXNativeTarget;
			buildConfigurationList = 18C04FEE1F334A45009384C1 /* Build configuration list for PBXNativeTarget "MyWorkTests" */;
			buildPhases = (
				17E15BA52D329E109AFEF85C /* [CP] Check Pods Manifest.lock */,
				18C04FD31F334A45009384C1 /* Sources */,
				18C04FD41F334A45009384C1 /* Frameworks */,
				18C04FD51F334A45009384C1 /* Resources */,
				EA5BF3DB0855FE85DA9EC434 /* [CP] Embed Pods Frameworks */,
				CB342424D120C2F758447CE3 /* [CP] Copy Pods Resources */,
			);
			buildRules = (
			);
			dependencies = (
				18C04FD91F334A45009384C1 /* PBXTargetDependency */,
			);
			name = MyWorkTests;
			productName = MyWorkTests;
			productReference = 18C04FD71F334A45009384C1 /* MyWorkTests.xctest */;
			productType = "com.apple.product-type.bundle.unit-test";
		};
		18C04FE11F334A45009384C1 /* MyWorkUITests */ = {
			isa = PBXNativeTarget;
			buildConfigurationList = 18C04FF11F334A45009384C1 /* Build configuration list for PBXNativeTarget "MyWorkUITests" */;
			buildPhases = (
				0FC51357D82E0AE205B2F7DD /* [CP] Check Pods Manifest.lock */,
				18C04FDE1F334A45009384C1 /* Sources */,
				18C04FDF1F334A45009384C1 /* Frameworks */,
				18C04FE01F334A45009384C1 /* Resources */,
				4A69DD62FC604F923BD276D5 /* [CP] Embed Pods Frameworks */,
				506749A701A0B36C917D3C9C /* [CP] Copy Pods Resources */,
			);
			buildRules = (
			);
			dependencies = (
				18C04FE41F334A45009384C1 /* PBXTargetDependency */,
			);
			name = MyWorkUITests;
			productName = MyWorkUITests;
			productReference = 18C04FE21F334A45009384C1 /* MyWorkUITests.xctest */;
			productType = "com.apple.product-type.bundle.ui-testing";
		};
/* End PBXNativeTarget section */

/* Begin PBXProject section */
		18C04FBB1F334A44009384C1 /* Project object */ = {
			isa = PBXProject;
			attributes = {
				LastSwiftUpdateCheck = 0900;
				LastUpgradeCheck = 0900;
				ORGANIZATIONNAME = Apple;
				TargetAttributes = {
					18C04FC21F334A44009384C1 = {
						CreatedOnToolsVersion = 9.0;
					};
					18C04FD61F334A45009384C1 = {
						CreatedOnToolsVersion = 9.0;
						TestTargetID = 18C04FC21F334A44009384C1;
					};
					18C04FE11F334A45009384C1 = {
						CreatedOnToolsVersion = 9.0;
						TestTargetID = 18C04FC21F334A44009384C1;
					};
				};
			};
			buildConfigurationList = 18C04FBE1F334A44009384C1 /* Build configuration list for PBXProject "MyWork" */;
			compatibilityVersion = "Xcode 8.0";
			developmentRegion = en;
			hasScannedForEncodings = 0;
			knownRegions = (
				en,
				Base,
			);
			mainGroup = 18C04FBA1F334A44009384C1;
			productRefGroup = 18C04FC41F334A44009384C1 /* Products */;
			projectDirPath = "";
			projectRoot = "";
			targets = (
				18C04FC21F334A44009384C1 /* MyWork */,
				18C04FD61F334A45009384C1 /* MyWorkTests */,
				18C04FE11F334A45009384C1 /* MyWorkUITests */,
			);
		};
/* End PBXProject section */

/* Begin PBXResourcesBuildPhase section */
		18C04FC11F334A44009384C1 /* Resources */ = {
			isa = PBXResourcesBuildPhase;
			buildActionMask = 2147483647;
			files = (
				18C04FD11F334A44009384C1 /* LaunchScreen.storyboard in Resources */,
				18C04FF51F335026009384C1 /* GoogleService-Info.plist in Resources */,
				18C04FCE1F334A44009384C1 /* Assets.xcassets in Resources */,
				18C04FCC1F334A44009384C1 /* Main.storyboard in Resources */,
			);
			runOnlyForDeploymentPostprocessing = 0;
		};
		18C04FD51F334A45009384C1 /* Resources */ = {
			isa = PBXResourcesBuildPhase;
			buildActionMask = 2147483647;
			files = (
			);
			runOnlyForDeploymentPostprocessing = 0;
		};
		18C04FE01F334A45009384C1 /* Resources */ = {
			isa = PBXResourcesBuildPhase;
			buildActionMask = 2147483647;
			files = (
			);
			runOnlyForDeploymentPostprocessing = 0;
		};
/* End PBXResourcesBuildPhase section */

/* Begin PBXShellScriptBuildPhase section */
		0FC51357D82E0AE205B2F7DD /* [CP] Check Pods Manifest.lock */ = {
			isa = PBXShellScriptBuildPhase;
			buildActionMask = 2147483647;
			files = (
			);
			inputPaths = (
			);
			name = "[CP] Check Pods Manifest.lock";
			outputPaths = (
			);
			runOnlyForDeploymentPostprocessing = 0;
			shellPath = /bin/sh;
			shellScript = "diff \"${PODS_PODFILE_DIR_PATH}/Podfile.lock\" \"${PODS_ROOT}/Manifest.lock\" > /dev/null\nif [ $? != 0 ] ; then\n    # print error to STDERR\n    echo \"error: The sandbox is not in sync with the Podfile.lock. Run 'pod install' or update your CocoaPods installation.\" >&2\n    exit 1\nfi\n";
			showEnvVarsInLog = 0;
		};
		17E15BA52D329E109AFEF85C /* [CP] Check Pods Manifest.lock */ = {
			isa = PBXShellScriptBuildPhase;
			buildActionMask = 2147483647;
			files = (
			);
			inputPaths = (
			);
			name = "[CP] Check Pods Manifest.lock";
			outputPaths = (
			);
			runOnlyForDeploymentPostprocessing = 0;
			shellPath = /bin/sh;
			shellScript = "diff \"${PODS_PODFILE_DIR_PATH}/Podfile.lock\" \"${PODS_ROOT}/Manifest.lock\" > /dev/null\nif [ $? != 0 ] ; then\n    # print error to STDERR\n    echo \"error: The sandbox is not in sync with the Podfile.lock. Run 'pod install' or update your CocoaPods installation.\" >&2\n    exit 1\nfi\n";
			showEnvVarsInLog = 0;
		};
		4A69DD62FC604F923BD276D5 /* [CP] Embed Pods Frameworks */ = {
			isa = PBXShellScriptBuildPhase;
			buildActionMask = 2147483647;
			files = (
			);
			inputPaths = (
			);
			name = "[CP] Embed Pods Frameworks";
			outputPaths = (
			);
			runOnlyForDeploymentPostprocessing = 0;
			shellPath = /bin/sh;
			shellScript = "\"${SRCROOT}/Pods/Target Support Files/Pods-MyWorkUITests/Pods-MyWorkUITests-frameworks.sh\"\n";
			showEnvVarsInLog = 0;
		};
		506749A701A0B36C917D3C9C /* [CP] Copy Pods Resources */ = {
			isa = PBXShellScriptBuildPhase;
			buildActionMask = 2147483647;
			files = (
			);
			inputPaths = (
			);
			name = "[CP] Copy Pods Resources";
			outputPaths = (
			);
			runOnlyForDeploymentPostprocessing = 0;
			shellPath = /bin/sh;
			shellScript = "\"${SRCROOT}/Pods/Target Support Files/Pods-MyWorkUITests/Pods-MyWorkUITests-resources.sh\"\n";
			showEnvVarsInLog = 0;
		};
		AFE9C0C89BE72AFE60865C4F /* [CP] Copy Pods Resources */ = {
			isa = PBXShellScriptBuildPhase;
			buildActionMask = 2147483647;
			files = (
			);
			inputPaths = (
			);
			name = "[CP] Copy Pods Resources";
			outputPaths = (
			);
			runOnlyForDeploymentPostprocessing = 0;
			shellPath = /bin/sh;
			shellScript = "\"${SRCROOT}/Pods/Target Support Files/Pods-MyWork/Pods-MyWork-resources.sh\"\n";
			showEnvVarsInLog = 0;
		};
		CB342424D120C2F758447CE3 /* [CP] Copy Pods Resources */ = {
			isa = PBXShellScriptBuildPhase;
			buildActionMask = 2147483647;
			files = (
			);
			inputPaths = (
			);
			name = "[CP] Copy Pods Resources";
			outputPaths = (
			);
			runOnlyForDeploymentPostprocessing = 0;
			shellPath = /bin/sh;
			shellScript = "\"${SRCROOT}/Pods/Target Support Files/Pods-MyWorkTests/Pods-MyWorkTests-resources.sh\"\n";
			showEnvVarsInLog = 0;
		};
		CB9BFFFFB99728B306CAF5AF /* [CP] Embed Pods Frameworks */ = {
			isa = PBXShellScriptBuildPhase;
			buildActionMask = 2147483647;
			files = (
			);
			inputPaths = (
			);
			name = "[CP] Embed Pods Frameworks";
			outputPaths = (
			);
			runOnlyForDeploymentPostprocessing = 0;
			shellPath = /bin/sh;
			shellScript = "\"${SRCROOT}/Pods/Target Support Files/Pods-MyWork/Pods-MyWork-frameworks.sh\"\n";
			showEnvVarsInLog = 0;
		};
		E240579D84A0F231D23FDD22 /* [CP] Check Pods Manifest.lock */ = {
			isa = PBXShellScriptBuildPhase;
			buildActionMask = 2147483647;
			files = (
			);
			inputPaths = (
			);
			name = "[CP] Check Pods Manifest.lock";
			outputPaths = (
			);
			runOnlyForDeploymentPostprocessing = 0;
			shellPath = /bin/sh;
			shellScript = "diff \"${PODS_PODFILE_DIR_PATH}/Podfile.lock\" \"${PODS_ROOT}/Manifest.lock\" > /dev/null\nif [ $? != 0 ] ; then\n    # print error to STDERR\n    echo \"error: The sandbox is not in sync with the Podfile.lock. Run 'pod install' or update your CocoaPods installation.\" >&2\n    exit 1\nfi\n";
			showEnvVarsInLog = 0;
		};
		EA5BF3DB0855FE85DA9EC434 /* [CP] Embed Pods Frameworks */ = {
			isa = PBXShellScriptBuildPhase;
			buildActionMask = 2147483647;
			files = (
			);
			inputPaths = (
			);
			name = "[CP] Embed Pods Frameworks";
			outputPaths = (
			);
			runOnlyForDeploymentPostprocessing = 0;
			shellPath = /bin/sh;
			shellScript = "\"${SRCROOT}/Pods/Target Support Files/Pods-MyWorkTests/Pods-MyWorkTests-frameworks.sh\"\n";
			showEnvVarsInLog = 0;
		};
/* End PBXShellScriptBuildPhase section */

/* Begin PBXSourcesBuildPhase section */
		18C04FBF1F334A44009384C1 /* Sources */ = {
			isa = PBXSourcesBuildPhase;
			buildActionMask = 2147483647;
			files = (
				18C04FC91F334A44009384C1 /* ViewController.swift in Sources */,
				18C04FC71F334A44009384C1 /* AppDelegate.swift in Sources */,
			);
			runOnlyForDeploymentPostprocessing = 0;
		};
		18C04FD31F334A45009384C1 /* Sources */ = {
			isa = PBXSourcesBuildPhase;
			buildActionMask = 2147483647;
			files = (
				18C04FDC1F334A45009384C1 /* MyWorkTests.swift in Sources */,
			);
			runOnlyForDeploymentPostprocessing = 0;
		};
		18C04FDE1F334A45009384C1 /* Sources */ = {
			isa = PBXSourcesBuildPhase;
			buildActionMask = 2147483647;
			files = (
				18C04FE71F334A45009384C1 /* MyWorkUITests.swift in Sources */,
			);
			runOnlyForDeploymentPostprocessing = 0;
		};
/* End PBXSourcesBuildPhase section */

/* Begin PBXTargetDependency section */
		18C04FD91F334A45009384C1 /* PBXTargetDependency */ = {
			isa = PBXTargetDependency;
			target = 18C04FC21F334A44009384C1 /* MyWork */;
			targetProxy = 18C04FD81F334A45009384C1 /* PBXContainerItemProxy */;
		};
		18C04FE41F334A45009384C1 /* PBXTargetDependency */ = {
			isa = PBXTargetDependency;
			target = 18C04FC21F334A44009384C1 /* MyWork */;
			targetProxy = 18C04FE31F334A45009384C1 /* PBXContainerItemProxy */;
		};
/* End PBXTargetDependency section */

/* Begin PBXVariantGroup section */
		18C04FCA1F334A44009384C1 /* Main.storyboard */ = {
			isa = PBXVariantGroup;
			children = (
				18C04FCB1F334A44009384C1 /* Base */,
			);
			name = Main.storyboard;
			sourceTree = "<group>";
		};
		18C04FCF1F334A44009384C1 /* LaunchScreen.storyboard */ = {
			isa = PBXVariantGroup;
			children = (
				18C04FD01F334A44009384C1 /* Base */,
			);
			name = LaunchScreen.storyboard;
			sourceTree = "<group>";
		};
/* End PBXVariantGroup section */

/* Begin XCBuildConfiguration section */
		18C04FE91F334A45009384C1 /* Debug */ = {
			isa = XCBuildConfiguration;
			buildSettings = {
				ALWAYS_SEARCH_USER_PATHS = NO;
				CLANG_ANALYZER_NONNULL = YES;
				CLANG_ANALYZER_NUMBER_OBJECT_CONVERSION = YES_AGGRESSIVE;
				CLANG_CXX_LANGUAGE_STANDARD = "gnu++14";
				CLANG_CXX_LIBRARY = "libc++";
				CLANG_ENABLE_MODULES = YES;
				CLANG_ENABLE_OBJC_ARC = YES;
				CLANG_WARN_BLOCK_CAPTURE_AUTORELEASING = YES;
				CLANG_WARN_BOOL_CONVERSION = YES;
				CLANG_WARN_COMMA = YES;
				CLANG_WARN_CONSTANT_CONVERSION = YES;
				CLANG_WARN_DIRECT_OBJC_ISA_USAGE = YES_ERROR;
				CLANG_WARN_DOCUMENTATION_COMMENTS = YES;
				CLANG_WARN_EMPTY_BODY = YES;
				CLANG_WARN_ENUM_CONVERSION = YES;
				CLANG_WARN_INFINITE_RECURSION = YES;
				CLANG_WARN_INT_CONVERSION = YES;
				CLANG_WARN_NON_LITERAL_NULL_CONVERSION = YES;
				CLANG_WARN_OBJC_LITERAL_CONVERSION = YES;
				CLANG_WARN_OBJC_ROOT_CLASS = YES_ERROR;
				CLANG_WARN_RANGE_LOOP_ANALYSIS = YES;
				CLANG_WARN_STRICT_PROTOTYPES = YES;
				CLANG_WARN_SUSPICIOUS_MOVE = YES;
				CLANG_WARN_UNGUARDED_AVAILABILITY = YES_AGGRESSIVE;
				CLANG_WARN_UNREACHABLE_CODE = YES;
				CLANG_WARN__DUPLICATE_METHOD_MATCH = YES;
				CODE_SIGN_IDENTITY = "iPhone Developer";
				COPY_PHASE_STRIP = NO;
				DEBUG_INFORMATION_FORMAT = dwarf;
				ENABLE_STRICT_OBJC_MSGSEND = YES;
				ENABLE_TESTABILITY = YES;
				GCC_C_LANGUAGE_STANDARD = gnu11;
				GCC_DYNAMIC_NO_PIC = NO;
				GCC_NO_COMMON_BLOCKS = YES;
				GCC_OPTIMIZATION_LEVEL = 0;
				GCC_PREPROCESSOR_DEFINITIONS = (
					"DEBUG=1",
					"$(inherited)",
				);
				GCC_WARN_64_TO_32_BIT_CONVERSION = YES;
				GCC_WARN_ABOUT_RETURN_TYPE = YES_ERROR;
				GCC_WARN_UNDECLARED_SELECTOR = YES;
				GCC_WARN_UNINITIALIZED_AUTOS = YES_AGGRESSIVE;
				GCC_WARN_UNUSED_FUNCTION = YES;
				GCC_WARN_UNUSED_VARIABLE = YES;
				IPHONEOS_DEPLOYMENT_TARGET = 11.0;
				MTL_ENABLE_DEBUG_INFO = YES;
				ONLY_ACTIVE_ARCH = YES;
				SDKROOT = iphoneos;
				SWIFT_ACTIVE_COMPILATION_CONDITIONS = DEBUG;
				SWIFT_OPTIMIZATION_LEVEL = "-Onone";
			};
			name = Debug;
		};
		18C04FEA1F334A45009384C1 /* Release */ = {
			isa = XCBuildConfiguration;
			buildSettings = {
				ALWAYS_SEARCH_USER_PATHS = NO;
				CLANG_ANALYZER_NONNULL = YES;
				CLANG_ANALYZER_NUMBER_OBJECT_CONVERSION = YES_AGGRESSIVE;
				CLANG_CXX_LANGUAGE_STANDARD = "gnu++14";
				CLANG_CXX_LIBRARY = "libc++";
				CLANG_ENABLE_MODULES = YES;
				CLANG_ENABLE_OBJC_ARC = YES;
				CLANG_WARN_BLOCK_CAPTURE_AUTORELEASING = YES;
				CLANG_WARN_BOOL_CONVERSION = YES;
				CLANG_WARN_COMMA = YES;
				CLANG_WARN_CONSTANT_CONVERSION = YES;
				CLANG_WARN_DIRECT_OBJC_ISA_USAGE = YES_ERROR;
				CLANG_WARN_DOCUMENTATION_COMMENTS = YES;
				CLANG_WARN_EMPTY_BODY = YES;
				CLANG_WARN_ENUM_CONVERSION = YES;
				CLANG_WARN_INFINITE_RECURSION = YES;
				CLANG_WARN_INT_CONVERSION = YES;
				CLANG_WARN_NON_LITERAL_NULL_CONVERSION = YES;
				CLANG_WARN_OBJC_LITERAL_CONVERSION = YES;
				CLANG_WARN_OBJC_ROOT_CLASS = YES_ERROR;
				CLANG_WARN_RANGE_LOOP_ANALYSIS = YES;
				CLANG_WARN_STRICT_PROTOTYPES = YES;
				CLANG_WARN_SUSPICIOUS_MOVE = YES;
				CLANG_WARN_UNGUARDED_AVAILABILITY = YES_AGGRESSIVE;
				CLANG_WARN_UNREACHABLE_CODE = YES;
				CLANG_WARN__DUPLICATE_METHOD_MATCH = YES;
				CODE_SIGN_IDENTITY = "iPhone Developer";
				COPY_PHASE_STRIP = NO;
				DEBUG_INFORMATION_FORMAT = "dwarf-with-dsym";
				ENABLE_NS_ASSERTIONS = NO;
				ENABLE_STRICT_OBJC_MSGSEND = YES;
				GCC_C_LANGUAGE_STANDARD = gnu11;
				GCC_NO_COMMON_BLOCKS = YES;
				GCC_WARN_64_TO_32_BIT_CONVERSION = YES;
				GCC_WARN_ABOUT_RETURN_TYPE = YES_ERROR;
				GCC_WARN_UNDECLARED_SELECTOR = YES;
				GCC_WARN_UNINITIALIZED_AUTOS = YES_AGGRESSIVE;
				GCC_WARN_UNUSED_FUNCTION = YES;
				GCC_WARN_UNUSED_VARIABLE = YES;
				IPHONEOS_DEPLOYMENT_TARGET = 11.0;
				MTL_ENABLE_DEBUG_INFO = NO;
				SDKROOT = iphoneos;
				SWIFT_OPTIMIZATION_LEVEL = "-Owholemodule";
				VALIDATE_PRODUCT = YES;
			};
			name = Release;
		};
		18C04FEC1F334A45009384C1 /* Debug */ = {
			isa = XCBuildConfiguration;
			baseConfigurationReference = 03A4A7842ACA620B9698044F /* Pods-MyWork.debug.xcconfig */;
			buildSettings = {
				ASSETCATALOG_COMPILER_APPICON_NAME = AppIcon;
				DEVELOPMENT_TEAM = JZ6P4U6CAN;
				INFOPLIST_FILE = MyWork/Info.plist;
				LD_RUNPATH_SEARCH_PATHS = "$(inherited) @executable_path/Frameworks";
				PRODUCT_BUNDLE_IDENTIFIER = com.satya.mywork.mywork.MyWork;
				PRODUCT_NAME = "$(TARGET_NAME)";
				SWIFT_VERSION = 4.0;
				TARGETED_DEVICE_FAMILY = "1,2";
			};
			name = Debug;
		};
		18C04FED1F334A45009384C1 /* Release */ = {
			isa = XCBuildConfiguration;
			baseConfigurationReference = 33C660FECA432303B0F41C75 /* Pods-MyWork.release.xcconfig */;
			buildSettings = {
				ASSETCATALOG_COMPILER_APPICON_NAME = AppIcon;
				DEVELOPMENT_TEAM = JZ6P4U6CAN;
				INFOPLIST_FILE = MyWork/Info.plist;
				LD_RUNPATH_SEARCH_PATHS = "$(inherited) @executable_path/Frameworks";
				PRODUCT_BUNDLE_IDENTIFIER = com.satya.mywork.mywork.MyWork;
				PRODUCT_NAME = "$(TARGET_NAME)";
				SWIFT_VERSION = 4.0;
				TARGETED_DEVICE_FAMILY = "1,2";
			};
			name = Release;
		};
		18C04FEF1F334A45009384C1 /* Debug */ = {
			isa = XCBuildConfiguration;
			baseConfigurationReference = 1051CDA0341AF415515C889A /* Pods-MyWorkTests.debug.xcconfig */;
			buildSettings = {
				ALWAYS_EMBED_SWIFT_STANDARD_LIBRARIES = YES;
				BUNDLE_LOADER = "$(TEST_HOST)";
				INFOPLIST_FILE = MyWorkTests/Info.plist;
				LD_RUNPATH_SEARCH_PATHS = "$(inherited) @executable_path/Frameworks @loader_path/Frameworks";
				PRODUCT_BUNDLE_IDENTIFIER = com.satya.mywork.mywork.MyWorkTests;
				PRODUCT_NAME = "$(TARGET_NAME)";
				SWIFT_VERSION = 4.0;
				TARGETED_DEVICE_FAMILY = "1,2";
				TEST_HOST = "$(BUILT_PRODUCTS_DIR)/MyWork.app/MyWork";
			};
			name = Debug;
		};
		18C04FF01F334A45009384C1 /* Release */ = {
			isa = XCBuildConfiguration;
			baseConfigurationReference = 2C540012E2B6D2458BCC55C4 /* Pods-MyWorkTests.release.xcconfig */;
			buildSettings = {
				ALWAYS_EMBED_SWIFT_STANDARD_LIBRARIES = YES;
				BUNDLE_LOADER = "$(TEST_HOST)";
				INFOPLIST_FILE = MyWorkTests/Info.plist;
				LD_RUNPATH_SEARCH_PATHS = "$(inherited) @executable_path/Frameworks @loader_path/Frameworks";
				PRODUCT_BUNDLE_IDENTIFIER = com.satya.mywork.mywork.MyWorkTests;
				PRODUCT_NAME = "$(TARGET_NAME)";
				SWIFT_VERSION = 4.0;
				TARGETED_DEVICE_FAMILY = "1,2";
				TEST_HOST = "$(BUILT_PRODUCTS_DIR)/MyWork.app/MyWork";
			};
			name = Release;
		};
		18C04FF21F334A45009384C1 /* Debug */ = {
			isa = XCBuildConfiguration;
			baseConfigurationReference = E77CF494B8C1E5A8569FFCA4 /* Pods-MyWorkUITests.debug.xcconfig */;
			buildSettings = {
				ALWAYS_EMBED_SWIFT_STANDARD_LIBRARIES = YES;
				INFOPLIST_FILE = MyWorkUITests/Info.plist;
				LD_RUNPATH_SEARCH_PATHS = "$(inherited) @executable_path/Frameworks @loader_path/Frameworks";
				PRODUCT_BUNDLE_IDENTIFIER = com.satya.mywork.mywork.MyWorkUITests;
				PRODUCT_NAME = "$(TARGET_NAME)";
				SWIFT_VERSION = 4.0;
				TARGETED_DEVICE_FAMILY = "1,2";
				TEST_TARGET_NAME = MyWork;
			};
			name = Debug;
		};
		18C04FF31F334A45009384C1 /* Release */ = {
			isa = XCBuildConfiguration;
			baseConfigurationReference = 49F711D2BD0FBE1B953A0BB4 /* Pods-MyWorkUITests.release.xcconfig */;
			buildSettings = {
				ALWAYS_EMBED_SWIFT_STANDARD_LIBRARIES = YES;
				INFOPLIST_FILE = MyWorkUITests/Info.plist;
				LD_RUNPATH_SEARCH_PATHS = "$(inherited) @executable_path/Frameworks @loader_path/Frameworks";
				PRODUCT_BUNDLE_IDENTIFIER = com.satya.mywork.mywork.MyWorkUITests;
				PRODUCT_NAME = "$(TARGET_NAME)";
				SWIFT_VERSION = 4.0;
				TARGETED_DEVICE_FAMILY = "1,2";
				TEST_TARGET_NAME = MyWork;
			};
			name = Release;
		};
/* End XCBuildConfiguration section */

/* Begin XCConfigurationList section */
		18C04FBE1F334A44009384C1 /* Build configuration list for PBXProject "MyWork" */ = {
			isa = XCConfigurationList;
			buildConfigurations = (
				18C04FE91F334A45009384C1 /* Debug */,
				18C04FEA1F334A45009384C1 /* Release */,
			);
			defaultConfigurationIsVisible = 0;
			defaultConfigurationName = Release;
		};
		18C04FEB1F334A45009384C1 /* Build configuration list for PBXNativeTarget "MyWork" */ = {
			isa = XCConfigurationList;
			buildConfigurations = (
				18C04FEC1F334A45009384C1 /* Debug */,
				18C04FED1F334A45009384C1 /* Release */,
			);
			defaultConfigurationIsVisible = 0;
			defaultConfigurationName = Release;
		};
		18C04FEE1F334A45009384C1 /* Build configuration list for PBXNativeTarget "MyWorkTests" */ = {
			isa = XCConfigurationList;
			buildConfigurations = (
				18C04FEF1F334A45009384C1 /* Debug */,
				18C04FF01F334A45009384C1 /* Release */,
			);
			defaultConfigurationIsVisible = 0;
			defaultConfigurationName = Release;
		};
		18C04FF11F334A45009384C1 /* Build configuration list for PBXNativeTarget "MyWorkUITests" */ = {
			isa = XCConfigurationList;
			buildConfigurations = (
				18C04FF21F334A45009384C1 /* Debug */,
				18C04FF31F334A45009384C1 /* Release */,
			);
			defaultConfigurationIsVisible = 0;
			defaultConfigurationName = Release;
		};
/* End XCConfigurationList section */
	};
	rootObject = 18C04FBB1F334A44009384C1 /* Project object */;
}
